
Microsoft Visual Studio Solution File, Format Version 12.00
# Visual Studio Version 17
VisualStudioVersion = 17.4.33205.214
MinimumVisualStudioVersion = 10.0.40219.1
Project("{9A19103F-16F7-4668-BE54-9A1E7A4F7556}") = "ProEventos.API", "ProEventos.API\ProEventos.API.csproj", "{119E31EF-9835-4465-95DD-2C7B5FFB0DEE}"
EndProject
Global
	GlobalSection(SolutionConfigurationPlatforms) = preSolution
		Debug|Any CPU = Debug|Any CPU
		Release|Any CPU = Release|Any CPU
	EndGlobalSection
	GlobalSection(ProjectConfigurationPlatforms) = postSolution
		{119E31EF-9835-4465-95DD-2C7B5FFB0DEE}.Debug|Any CPU.ActiveCfg = Debug|Any CPU
		{119E31EF-9835-4465-95DD-2C7B5FFB0DEE}.Debug|Any CPU.Build.0 = Debug|Any CPU
		{119E31EF-9835-4465-95DD-2C7B5FFB0DEE}.Release|Any CPU.ActiveCfg = Release|Any CPU
		{119E31EF-9835-4465-95DD-2C7B5FFB0DEE}.Release|Any CPU.Build.0 = Release|Any CPU
	EndGlobalSection
	GlobalSection(SolutionProperties) = preSolution
		HideSolutionNode = FALSE
	EndGlobalSection
	GlobalSection(ExtensibilityGlobals) = postSolution
		SolutionGuid = {95C71217-244E-45BD-BE65-4BF4C75E6737}
	EndGlobalSection
EndGlobal
